
Microsoft Visual Studio Solution File, Format Version 12.00
# Visual Studio Version 16
VisualStudioVersion = 16.0.29102.190
MinimumVisualStudioVersion = 10.0.40219.1
Project("{9A19103F-16F7-4668-BE54-9A1E7A4F7556}") = "Creational.Builder", "Creational.Builder\Creational.Builder.csproj", "{8BE36764-7691-49DE-915F-C61600CDA7D3}"
EndProject
Project("{9A19103F-16F7-4668-BE54-9A1E7A4F7556}") = "Creational.AbstractFactory", "Creational.AbstractFactory\Creational.AbstractFactory.csproj", "{C26EBF0B-693D-4DD2-885D-718BA8694666}"
EndProject
Project("{9A19103F-16F7-4668-BE54-9A1E7A4F7556}") = "Creational.FactoryMethod", "Creational.FactoryMethod\Creational.FactoryMethod.csproj", "{608200A7-0184-46DB-A8BA-0BF5BD286452}"
EndProject
Project("{9A19103F-16F7-4668-BE54-9A1E7A4F7556}") = "Creational.Prototype", "Creational.Prototype\Creational.Prototype.csproj", "{25393ACE-7FDD-486D-AB10-4CEA0D5471D5}"
EndProject
Project("{9A19103F-16F7-4668-BE54-9A1E7A4F7556}") = "Creational.Singleton", "Creational.Singleton\Creational.Singleton.csproj", "{8945470F-083E-4B55-99F3-FDE8DF31BBE6}"
EndProject
Project("{9A19103F-16F7-4668-BE54-9A1E7A4F7556}") = "Structural.Adapter", "Structural.Adapter\Structural.Adapter.csproj", "{FEEBD394-1D3E-4090-9126-EC71CC379388}"
EndProject
Project("{9A19103F-16F7-4668-BE54-9A1E7A4F7556}") = "Structural.Bridge", "Structural.Bridge\Structural.Bridge.csproj", "{9B252F05-AA62-4FCF-9E2C-E6777D0A3B77}"
EndProject
Project("{9A19103F-16F7-4668-BE54-9A1E7A4F7556}") = "Structural.Composite", "Structural.Composite\Structural.Composite.csproj", "{511D3FD9-DEFC-43D2-B490-77385AA4F175}"
EndProject
Project("{FAE04EC0-301F-11D3-BF4B-00C04F79EFBC}") = "Structrural.Decorator", "Structrural.Decorator\Structrural.Decorator.csproj", "{CDFC2BC1-AAF1-4237-AE5C-44C3B84653C7}"
EndProject
Project("{FAE04EC0-301F-11D3-BF4B-00C04F79EFBC}") = "Structural.Facade", "Structural.Facade\Structural.Facade.csproj", "{C36965DA-4B7F-4693-9731-4D154818E9A8}"
EndProject
Project("{FAE04EC0-301F-11D3-BF4B-00C04F79EFBC}") = "Structural.Flyweight", "Structural.Flyweight\Structural.Flyweight.csproj", "{A8286C7F-2CE3-451E-85C2-C13ECA176E06}"
EndProject
Project("{FAE04EC0-301F-11D3-BF4B-00C04F79EFBC}") = "Structural.Proxy", "Structural.Proxy\Structural.Proxy.csproj", "{B770D39E-B6AE-4178-A4A8-3F8FCADAFE78}"
EndProject
Project("{FAE04EC0-301F-11D3-BF4B-00C04F79EFBC}") = "Behavioral.ChainOfResponsibility", "Behavioral.ChainOfResponsibility\Behavioral.ChainOfResponsibility.csproj", "{5700E58A-C2D1-4E20-ACC6-A04D918E83BC}"
EndProject
Project("{FAE04EC0-301F-11D3-BF4B-00C04F79EFBC}") = "Behavioral.Command", "Behavioral.Command\Behavioral.Command.csproj", "{CDF5B736-B7D9-4480-95F7-30B80D11D661}"
EndProject
Project("{FAE04EC0-301F-11D3-BF4B-00C04F79EFBC}") = "Behavioral.Interpreter", "Behavioral.Interpreter\Behavioral.Interpreter.csproj", "{98DC1F5D-07C0-4273-BECA-C04EF8A8A656}"
EndProject
Project("{FAE04EC0-301F-11D3-BF4B-00C04F79EFBC}") = "Behavioral.Iterator", "Behavioral.Iterator\Behavioral.Iterator.csproj", "{A0F5BB59-89C2-4E1E-BEA8-291D96119A98}"
EndProject
Project("{9A19103F-16F7-4668-BE54-9A1E7A4F7556}") = "Behavioral.Mediator", "Behavioral.Mediator\Behavioral.Mediator.csproj", "{23B519F4-9234-4E0F-B169-494B0CAF5F86}"
EndProject
Project("{FAE04EC0-301F-11D3-BF4B-00C04F79EFBC}") = "Behavioral.Memento", "Behavioral.Memento\Behavioral.Memento.csproj", "{58911225-BFE0-46A2-B7FC-2ADE4EE03081}"
EndProject
Global
	GlobalSection(SolutionConfigurationPlatforms) = preSolution
		Debug|Any CPU = Debug|Any CPU
		Release|Any CPU = Release|Any CPU
	EndGlobalSection
	GlobalSection(ProjectConfigurationPlatforms) = postSolution
		{8BE36764-7691-49DE-915F-C61600CDA7D3}.Debug|Any CPU.ActiveCfg = Debug|Any CPU
		{8BE36764-7691-49DE-915F-C61600CDA7D3}.Debug|Any CPU.Build.0 = Debug|Any CPU
		{8BE36764-7691-49DE-915F-C61600CDA7D3}.Release|Any CPU.ActiveCfg = Release|Any CPU
		{8BE36764-7691-49DE-915F-C61600CDA7D3}.Release|Any CPU.Build.0 = Release|Any CPU
		{C26EBF0B-693D-4DD2-885D-718BA8694666}.Debug|Any CPU.ActiveCfg = Debug|Any CPU
		{C26EBF0B-693D-4DD2-885D-718BA8694666}.Debug|Any CPU.Build.0 = Debug|Any CPU
		{C26EBF0B-693D-4DD2-885D-718BA8694666}.Release|Any CPU.ActiveCfg = Release|Any CPU
		{C26EBF0B-693D-4DD2-885D-718BA8694666}.Release|Any CPU.Build.0 = Release|Any CPU
		{608200A7-0184-46DB-A8BA-0BF5BD286452}.Debug|Any CPU.ActiveCfg = Debug|Any CPU
		{608200A7-0184-46DB-A8BA-0BF5BD286452}.Debug|Any CPU.Build.0 = Debug|Any CPU
		{608200A7-0184-46DB-A8BA-0BF5BD286452}.Release|Any CPU.ActiveCfg = Release|Any CPU
		{608200A7-0184-46DB-A8BA-0BF5BD286452}.Release|Any CPU.Build.0 = Release|Any CPU
		{25393ACE-7FDD-486D-AB10-4CEA0D5471D5}.Debug|Any CPU.ActiveCfg = Debug|Any CPU
		{25393ACE-7FDD-486D-AB10-4CEA0D5471D5}.Debug|Any CPU.Build.0 = Debug|Any CPU
		{25393ACE-7FDD-486D-AB10-4CEA0D5471D5}.Release|Any CPU.ActiveCfg = Release|Any CPU
		{25393ACE-7FDD-486D-AB10-4CEA0D5471D5}.Release|Any CPU.Build.0 = Release|Any CPU
		{8945470F-083E-4B55-99F3-FDE8DF31BBE6}.Debug|Any CPU.ActiveCfg = Debug|Any CPU
		{8945470F-083E-4B55-99F3-FDE8DF31BBE6}.Debug|Any CPU.Build.0 = Debug|Any CPU
		{8945470F-083E-4B55-99F3-FDE8DF31BBE6}.Release|Any CPU.ActiveCfg = Release|Any CPU
		{8945470F-083E-4B55-99F3-FDE8DF31BBE6}.Release|Any CPU.Build.0 = Release|Any CPU
		{FEEBD394-1D3E-4090-9126-EC71CC379388}.Debug|Any CPU.ActiveCfg = Debug|Any CPU
		{FEEBD394-1D3E-4090-9126-EC71CC379388}.Debug|Any CPU.Build.0 = Debug|Any CPU
		{FEEBD394-1D3E-4090-9126-EC71CC379388}.Release|Any CPU.ActiveCfg = Release|Any CPU
		{FEEBD394-1D3E-4090-9126-EC71CC379388}.Release|Any CPU.Build.0 = Release|Any CPU
		{9B252F05-AA62-4FCF-9E2C-E6777D0A3B77}.Debug|Any CPU.ActiveCfg = Debug|Any CPU
		{9B252F05-AA62-4FCF-9E2C-E6777D0A3B77}.Debug|Any CPU.Build.0 = Debug|Any CPU
		{9B252F05-AA62-4FCF-9E2C-E6777D0A3B77}.Release|Any CPU.ActiveCfg = Release|Any CPU
		{9B252F05-AA62-4FCF-9E2C-E6777D0A3B77}.Release|Any CPU.Build.0 = Release|Any CPU
		{511D3FD9-DEFC-43D2-B490-77385AA4F175}.Debug|Any CPU.ActiveCfg = Debug|Any CPU
		{511D3FD9-DEFC-43D2-B490-77385AA4F175}.Debug|Any CPU.Build.0 = Debug|Any CPU
		{511D3FD9-DEFC-43D2-B490-77385AA4F175}.Release|Any CPU.ActiveCfg = Release|Any CPU
		{511D3FD9-DEFC-43D2-B490-77385AA4F175}.Release|Any CPU.Build.0 = Release|Any CPU
		{CDFC2BC1-AAF1-4237-AE5C-44C3B84653C7}.Debug|Any CPU.ActiveCfg = Debug|Any CPU
		{CDFC2BC1-AAF1-4237-AE5C-44C3B84653C7}.Debug|Any CPU.Build.0 = Debug|Any CPU
		{CDFC2BC1-AAF1-4237-AE5C-44C3B84653C7}.Release|Any CPU.ActiveCfg = Release|Any CPU
		{CDFC2BC1-AAF1-4237-AE5C-44C3B84653C7}.Release|Any CPU.Build.0 = Release|Any CPU
		{C36965DA-4B7F-4693-9731-4D154818E9A8}.Debug|Any CPU.ActiveCfg = Debug|Any CPU
		{C36965DA-4B7F-4693-9731-4D154818E9A8}.Debug|Any CPU.Build.0 = Debug|Any CPU
		{C36965DA-4B7F-4693-9731-4D154818E9A8}.Release|Any CPU.ActiveCfg = Release|Any CPU
		{C36965DA-4B7F-4693-9731-4D154818E9A8}.Release|Any CPU.Build.0 = Release|Any CPU
		{A8286C7F-2CE3-451E-85C2-C13ECA176E06}.Debug|Any CPU.ActiveCfg = Debug|Any CPU
		{A8286C7F-2CE3-451E-85C2-C13ECA176E06}.Debug|Any CPU.Build.0 = Debug|Any CPU
		{A8286C7F-2CE3-451E-85C2-C13ECA176E06}.Release|Any CPU.ActiveCfg = Release|Any CPU
		{A8286C7F-2CE3-451E-85C2-C13ECA176E06}.Release|Any CPU.Build.0 = Release|Any CPU
		{B770D39E-B6AE-4178-A4A8-3F8FCADAFE78}.Debug|Any CPU.ActiveCfg = Debug|Any CPU
		{B770D39E-B6AE-4178-A4A8-3F8FCADAFE78}.Debug|Any CPU.Build.0 = Debug|Any CPU
		{B770D39E-B6AE-4178-A4A8-3F8FCADAFE78}.Release|Any CPU.ActiveCfg = Release|Any CPU
		{B770D39E-B6AE-4178-A4A8-3F8FCADAFE78}.Release|Any CPU.Build.0 = Release|Any CPU
		{5700E58A-C2D1-4E20-ACC6-A04D918E83BC}.Debug|Any CPU.ActiveCfg = Debug|Any CPU
		{5700E58A-C2D1-4E20-ACC6-A04D918E83BC}.Debug|Any CPU.Build.0 = Debug|Any CPU
		{5700E58A-C2D1-4E20-ACC6-A04D918E83BC}.Release|Any CPU.ActiveCfg = Release|Any CPU
		{5700E58A-C2D1-4E20-ACC6-A04D918E83BC}.Release|Any CPU.Build.0 = Release|Any CPU
		{CDF5B736-B7D9-4480-95F7-30B80D11D661}.Debug|Any CPU.ActiveCfg = Debug|Any CPU
		{CDF5B736-B7D9-4480-95F7-30B80D11D661}.Debug|Any CPU.Build.0 = Debug|Any CPU
		{CDF5B736-B7D9-4480-95F7-30B80D11D661}.Release|Any CPU.ActiveCfg = Release|Any CPU
		{CDF5B736-B7D9-4480-95F7-30B80D11D661}.Release|Any CPU.Build.0 = Release|Any CPU
		{98DC1F5D-07C0-4273-BECA-C04EF8A8A656}.Debug|Any CPU.ActiveCfg = Debug|Any CPU
		{98DC1F5D-07C0-4273-BECA-C04EF8A8A656}.Debug|Any CPU.Build.0 = Debug|Any CPU
		{98DC1F5D-07C0-4273-BECA-C04EF8A8A656}.Release|Any CPU.ActiveCfg = Release|Any CPU
		{98DC1F5D-07C0-4273-BECA-C04EF8A8A656}.Release|Any CPU.Build.0 = Release|Any CPU
		{A0F5BB59-89C2-4E1E-BEA8-291D96119A98}.Debug|Any CPU.ActiveCfg = Debug|Any CPU
		{A0F5BB59-89C2-4E1E-BEA8-291D96119A98}.Debug|Any CPU.Build.0 = Debug|Any CPU
		{A0F5BB59-89C2-4E1E-BEA8-291D96119A98}.Release|Any CPU.ActiveCfg = Release|Any CPU
		{A0F5BB59-89C2-4E1E-BEA8-291D96119A98}.Release|Any CPU.Build.0 = Release|Any CPU
		{23B519F4-9234-4E0F-B169-494B0CAF5F86}.Debug|Any CPU.ActiveCfg = Debug|Any CPU
		{23B519F4-9234-4E0F-B169-494B0CAF5F86}.Debug|Any CPU.Build.0 = Debug|Any CPU
		{23B519F4-9234-4E0F-B169-494B0CAF5F86}.Release|Any CPU.ActiveCfg = Release|Any CPU
		{23B519F4-9234-4E0F-B169-494B0CAF5F86}.Release|Any CPU.Build.0 = Release|Any CPU
		{58911225-BFE0-46A2-B7FC-2ADE4EE03081}.Debug|Any CPU.ActiveCfg = Debug|Any CPU
		{58911225-BFE0-46A2-B7FC-2ADE4EE03081}.Debug|Any CPU.Build.0 = Debug|Any CPU
		{58911225-BFE0-46A2-B7FC-2ADE4EE03081}.Release|Any CPU.ActiveCfg = Release|Any CPU
		{58911225-BFE0-46A2-B7FC-2ADE4EE03081}.Release|Any CPU.Build.0 = Release|Any CPU
	EndGlobalSection
	GlobalSection(SolutionProperties) = preSolution
		HideSolutionNode = FALSE
	EndGlobalSection
	GlobalSection(ExtensibilityGlobals) = postSolution
		SolutionGuid = {08AAAD7E-4BA3-4804-A2D6-186A420EE02F}
	EndGlobalSection
EndGlobal
